{
  "name": "example-rollup-inline-systemjs",
  "version": "1.0.0",
  "lockfileVersion": 1,
  "requires": true,
  "dependencies": {
    "systemjs": {
      "version": "6.3.3",
      "resolved": "https://registry.npmjs.org/systemjs/-/systemjs-6.3.3.tgz",
      "integrity": "sha512-djQ6mZ4/cWKnVnhAWvr/4+5r7QHnC7WiA8sS9VuYRdEv3wYZYTIIQv8zPT79PdDSUwfX3bgvu5mZ8eTyLm2YQA=="
    }
  }
}
